// !$*UTF8*$!
{
	archiveVersion = 1;
	classes = {
	};
	objectVersion = 51;
	objects = {

/* Begin PBXBuildFile section */
		0E010BF80D144FF4328D9092 /* Pods_TVShows.framework in Frameworks */ = {isa = PBXBuildFile; fileRef = A88ABD33BFC94ABA3166C61C /* Pods_TVShows.framework */; };
		421B7ED722DE7EA000B63060 /* Launch.storyboard in Resources */ = {isa = PBXBuildFile; fileRef = 421B7ED622DE7EA000B63060 /* Launch.storyboard */; };
		421B7ED922DE823300B63060 /* Login.storyboard in Resources */ = {isa = PBXBuildFile; fileRef = 421B7ED822DE823300B63060 /* Login.storyboard */; };
		421B7EDB22DFD9B500B63060 /* LoginViewController.swift in Sources */ = {isa = PBXBuildFile; fileRef = 421B7EDA22DFD9B500B63060 /* LoginViewController.swift */; };
		4278E6FA22E8B6C100EE0457 /* User.swift in Sources */ = {isa = PBXBuildFile; fileRef = 4278E6F922E8B6C100EE0457 /* User.swift */; };
		4278E6FE22E9F60400EE0457 /* Show.swift in Sources */ = {isa = PBXBuildFile; fileRef = 4278E6FD22E9F60400EE0457 /* Show.swift */; };
		4278E70222EA5FF700EE0457 /* HomeTableViewCell.swift in Sources */ = {isa = PBXBuildFile; fileRef = 4278E70122EA5FF700EE0457 /* HomeTableViewCell.swift */; };
		4298990622CE53DC004E48C4 /* AppDelegate.swift in Sources */ = {isa = PBXBuildFile; fileRef = 4298990522CE53DC004E48C4 /* AppDelegate.swift */; };
		4298990822CE53DC004E48C4 /* ViewController.swift in Sources */ = {isa = PBXBuildFile; fileRef = 4298990722CE53DC004E48C4 /* ViewController.swift */; };
		4298990D22CE53DD004E48C4 /* Assets.xcassets in Resources */ = {isa = PBXBuildFile; fileRef = 4298990C22CE53DD004E48C4 /* Assets.xcassets */; };
		42B9EBF922F0CD5900E282DB /* AddEpisodesViewController.swift in Sources */ = {isa = PBXBuildFile; fileRef = 42B9EBF822F0CD5900E282DB /* AddEpisodesViewController.swift */; };
		42C4EC1422EA6F19003136A9 /* ShowDetailsViewController.swift in Sources */ = {isa = PBXBuildFile; fileRef = 42C4EC1322EA6F19003136A9 /* ShowDetailsViewController.swift */; };
		42C4EC1822EA8F2A003136A9 /* ShowDetailTableViewCell.swift in Sources */ = {isa = PBXBuildFile; fileRef = 42C4EC1722EA8F2A003136A9 /* ShowDetailTableViewCell.swift */; };
		42CB9A5522E0F87F0067A593 /* HomeViewController.swift in Sources */ = {isa = PBXBuildFile; fileRef = 42CB9A5422E0F87F0067A593 /* HomeViewController.swift */; };
		42CB9A5722E0F89A0067A593 /* Home.storyboard in Resources */ = {isa = PBXBuildFile; fileRef = 42CB9A5622E0F89A0067A593 /* Home.storyboard */; };
/* End PBXBuildFile section */

/* Begin PBXFileReference section */
		1C263A1E0A6A3933823828C2 /* Pods-TVShows.debug.xcconfig */ = {isa = PBXFileReference; includeInIndex = 1; lastKnownFileType = text.xcconfig; name = "Pods-TVShows.debug.xcconfig"; path = "Target Support Files/Pods-TVShows/Pods-TVShows.debug.xcconfig"; sourceTree = "<group>"; };
		421B7ED622DE7EA000B63060 /* Launch.storyboard */ = {isa = PBXFileReference; lastKnownFileType = file.storyboard; path = Launch.storyboard; sourceTree = "<group>"; };
		421B7ED822DE823300B63060 /* Login.storyboard */ = {isa = PBXFileReference; lastKnownFileType = file.storyboard; path = Login.storyboard; sourceTree = "<group>"; };
		421B7EDA22DFD9B500B63060 /* LoginViewController.swift */ = {isa = PBXFileReference; lastKnownFileType = sourcecode.swift; path = LoginViewController.swift; sourceTree = "<group>"; };
		4278E6F922E8B6C100EE0457 /* User.swift */ = {isa = PBXFileReference; lastKnownFileType = sourcecode.swift; path = User.swift; sourceTree = "<group>"; };
		4278E6FD22E9F60400EE0457 /* Show.swift */ = {isa = PBXFileReference; lastKnownFileType = sourcecode.swift; path = Show.swift; sourceTree = "<group>"; };
		4278E70122EA5FF700EE0457 /* HomeTableViewCell.swift */ = {isa = PBXFileReference; lastKnownFileType = sourcecode.swift; path = HomeTableViewCell.swift; sourceTree = "<group>"; };
		4298990222CE53DC004E48C4 /* TVShows.app */ = {isa = PBXFileReference; explicitFileType = wrapper.application; includeInIndex = 0; path = TVShows.app; sourceTree = BUILT_PRODUCTS_DIR; };
		4298990522CE53DC004E48C4 /* AppDelegate.swift */ = {isa = PBXFileReference; lastKnownFileType = sourcecode.swift; path = AppDelegate.swift; sourceTree = "<group>"; };
		4298990722CE53DC004E48C4 /* ViewController.swift */ = {isa = PBXFileReference; lastKnownFileType = sourcecode.swift; path = ViewController.swift; sourceTree = "<group>"; };
		4298990C22CE53DD004E48C4 /* Assets.xcassets */ = {isa = PBXFileReference; lastKnownFileType = folder.assetcatalog; path = Assets.xcassets; sourceTree = "<group>"; };
		4298991122CE53DD004E48C4 /* Info.plist */ = {isa = PBXFileReference; lastKnownFileType = text.plist.xml; path = Info.plist; sourceTree = "<group>"; };
		42B9EBF822F0CD5900E282DB /* AddEpisodesViewController.swift */ = {isa = PBXFileReference; lastKnownFileType = sourcecode.swift; path = AddEpisodesViewController.swift; sourceTree = "<group>"; };
		42C4EC1322EA6F19003136A9 /* ShowDetailsViewController.swift */ = {isa = PBXFileReference; lastKnownFileType = sourcecode.swift; path = ShowDetailsViewController.swift; sourceTree = "<group>"; };
		42C4EC1722EA8F2A003136A9 /* ShowDetailTableViewCell.swift */ = {isa = PBXFileReference; lastKnownFileType = sourcecode.swift; path = ShowDetailTableViewCell.swift; sourceTree = "<group>"; };
		42CB9A5422E0F87F0067A593 /* HomeViewController.swift */ = {isa = PBXFileReference; lastKnownFileType = sourcecode.swift; path = HomeViewController.swift; sourceTree = "<group>"; };
		42CB9A5622E0F89A0067A593 /* Home.storyboard */ = {isa = PBXFileReference; lastKnownFileType = file.storyboard; path = Home.storyboard; sourceTree = "<group>"; };
		5320E90E93D18B5B7298DBB0 /* Pods-TVShows.release.xcconfig */ = {isa = PBXFileReference; includeInIndex = 1; lastKnownFileType = text.xcconfig; name = "Pods-TVShows.release.xcconfig"; path = "Target Support Files/Pods-TVShows/Pods-TVShows.release.xcconfig"; sourceTree = "<group>"; };
		A88ABD33BFC94ABA3166C61C /* Pods_TVShows.framework */ = {isa = PBXFileReference; explicitFileType = wrapper.framework; includeInIndex = 0; path = Pods_TVShows.framework; sourceTree = BUILT_PRODUCTS_DIR; };
/* End PBXFileReference section */

/* Begin PBXFrameworksBuildPhase section */
		429898FF22CE53DC004E48C4 /* Frameworks */ = {
			isa = PBXFrameworksBuildPhase;
			buildActionMask = 2147483647;
			files = (
				0E010BF80D144FF4328D9092 /* Pods_TVShows.framework in Frameworks */,
			);
			runOnlyForDeploymentPostprocessing = 0;
		};
/* End PBXFrameworksBuildPhase section */

/* Begin PBXGroup section */
		4278E6F822E7881200EE0457 /* HomePage */ = {
			isa = PBXGroup;
			children = (
				42C4EC1222EA6863003136A9 /* Cells */,
				42CB9A5622E0F89A0067A593 /* Home.storyboard */,
				42CB9A5422E0F87F0067A593 /* HomeViewController.swift */,
				4278E6FD22E9F60400EE0457 /* Show.swift */,
				42C4EC1322EA6F19003136A9 /* ShowDetailsViewController.swift */,
				42B9EBF822F0CD5900E282DB /* AddEpisodesViewController.swift */,
			);
			path = HomePage;
			sourceTree = "<group>";
		};
		429898F922CE53DC004E48C4 = {
			isa = PBXGroup;
			children = (
				4298990422CE53DC004E48C4 /* TVShows */,
				4298990322CE53DC004E48C4 /* Products */,
				4EE3197B21224A1CCF5ADDD7 /* Pods */,
				AB2CB2EB76E33AF50A9816CF /* Frameworks */,
			);
			sourceTree = "<group>";
		};
		4298990322CE53DC004E48C4 /* Products */ = {
			isa = PBXGroup;
			children = (
				4298990222CE53DC004E48C4 /* TVShows.app */,
			);
			name = Products;
			sourceTree = "<group>";
		};
		4298990422CE53DC004E48C4 /* TVShows */ = {
			isa = PBXGroup;
			children = (
				4278E6F822E7881200EE0457 /* HomePage */,
				42CB9A5B22E119EA0067A593 /* Login_Register */,
				4298990522CE53DC004E48C4 /* AppDelegate.swift */,
				4298990722CE53DC004E48C4 /* ViewController.swift */,
				4298990C22CE53DD004E48C4 /* Assets.xcassets */,
				4298991122CE53DD004E48C4 /* Info.plist */,
				421B7ED622DE7EA000B63060 /* Launch.storyboard */,
			);
			path = TVShows;
			sourceTree = "<group>";
		};
		42C4EC1222EA6863003136A9 /* Cells */ = {
			isa = PBXGroup;
			children = (
				4278E70122EA5FF700EE0457 /* HomeTableViewCell.swift */,
				42C4EC1722EA8F2A003136A9 /* ShowDetailTableViewCell.swift */,
			);
			path = Cells;
			sourceTree = "<group>";
		};
		42CB9A5B22E119EA0067A593 /* Login_Register */ = {
			isa = PBXGroup;
			children = (
				421B7ED822DE823300B63060 /* Login.storyboard */,
				421B7EDA22DFD9B500B63060 /* LoginViewController.swift */,
				4278E6F922E8B6C100EE0457 /* User.swift */,
			);
			path = Login_Register;
			sourceTree = "<group>";
		};
		4EE3197B21224A1CCF5ADDD7 /* Pods */ = {
			isa = PBXGroup;
			children = (
				1C263A1E0A6A3933823828C2 /* Pods-TVShows.debug.xcconfig */,
				5320E90E93D18B5B7298DBB0 /* Pods-TVShows.release.xcconfig */,
			);
			path = Pods;
			sourceTree = "<group>";
		};
		AB2CB2EB76E33AF50A9816CF /* Frameworks */ = {
			isa = PBXGroup;
			children = (
				A88ABD33BFC94ABA3166C61C /* Pods_TVShows.framework */,
			);
			name = Frameworks;
			sourceTree = "<group>";
		};
/* End PBXGroup section */

/* Begin PBXNativeTarget section */
		4298990122CE53DC004E48C4 /* TVShows */ = {
			isa = PBXNativeTarget;
			buildConfigurationList = 4298991422CE53DD004E48C4 /* Build configuration list for PBXNativeTarget "TVShows" */;
			buildPhases = (
				446676CC20A94D0A9B20F71D /* [CP] Check Pods Manifest.lock */,
				429898FE22CE53DC004E48C4 /* Sources */,
				429898FF22CE53DC004E48C4 /* Frameworks */,
				4298990022CE53DC004E48C4 /* Resources */,
				4CE6D9FF1FE72FC07E50690A /* [CP] Embed Pods Frameworks */,
			);
			buildRules = (
			);
			dependencies = (
			);
			name = TVShows;
			productName = TVShows;
			productReference = 4298990222CE53DC004E48C4 /* TVShows.app */;
			productType = "com.apple.product-type.application";
		};
/* End PBXNativeTarget section */

/* Begin PBXProject section */
		429898FA22CE53DC004E48C4 /* Project object */ = {
			isa = PBXProject;
			attributes = {
				LastSwiftUpdateCheck = 1020;
				LastUpgradeCheck = 1020;
				ORGANIZATIONNAME = "Infinum Academy";
				TargetAttributes = {
					4298990122CE53DC004E48C4 = {
						CreatedOnToolsVersion = 10.2.1;
					};
				};
			};
			buildConfigurationList = 429898FD22CE53DC004E48C4 /* Build configuration list for PBXProject "TVShows" */;
			compatibilityVersion = "Xcode 9.3";
			developmentRegion = en;
			hasScannedForEncodings = 0;
			knownRegions = (
				en,
				Base,
			);
			mainGroup = 429898F922CE53DC004E48C4;
			productRefGroup = 4298990322CE53DC004E48C4 /* Products */;
			projectDirPath = "";
			projectRoot = "";
			targets = (
				4298990122CE53DC004E48C4 /* TVShows */,
			);
		};
/* End PBXProject section */

/* Begin PBXResourcesBuildPhase section */
		4298990022CE53DC004E48C4 /* Resources */ = {
			isa = PBXResourcesBuildPhase;
			buildActionMask = 2147483647;
			files = (
				4298990D22CE53DD004E48C4 /* Assets.xcassets in Resources */,
				421B7ED722DE7EA000B63060 /* Launch.storyboard in Resources */,
				421B7ED922DE823300B63060 /* Login.storyboard in Resources */,
				42CB9A5722E0F89A0067A593 /* Home.storyboard in Resources */,
			);
			runOnlyForDeploymentPostprocessing = 0;
		};
/* End PBXResourcesBuildPhase section */

/* Begin PBXShellScriptBuildPhase section */
		446676CC20A94D0A9B20F71D /* [CP] Check Pods Manifest.lock */ = {
			isa = PBXShellScriptBuildPhase;
			buildActionMask = 2147483647;
			files = (
			);
			inputFileListPaths = (
			);
			inputPaths = (
				"${PODS_PODFILE_DIR_PATH}/Podfile.lock",
				"${PODS_ROOT}/Manifest.lock",
			);
			name = "[CP] Check Pods Manifest.lock";
			outputFileListPaths = (
			);
			outputPaths = (
				"$(DERIVED_FILE_DIR)/Pods-TVShows-checkManifestLockResult.txt",
			);
			runOnlyForDeploymentPostprocessing = 0;
			shellPath = /bin/sh;
			shellScript = "diff \"${PODS_PODFILE_DIR_PATH}/Podfile.lock\" \"${PODS_ROOT}/Manifest.lock\" > /dev/null\nif [ $? != 0 ] ; then\n    # print error to STDERR\n    echo \"error: The sandbox is not in sync with the Podfile.lock. Run 'pod install' or update your CocoaPods installation.\" >&2\n    exit 1\nfi\n# This output is used by Xcode 'outputs' to avoid re-running this script phase.\necho \"SUCCESS\" > \"${SCRIPT_OUTPUT_FILE_0}\"\n";
			showEnvVarsInLog = 0;
		};
		4CE6D9FF1FE72FC07E50690A /* [CP] Embed Pods Frameworks */ = {
			isa = PBXShellScriptBuildPhase;
			buildActionMask = 2147483647;
			files = (
			);
			inputFileListPaths = (
				"${PODS_ROOT}/Target Support Files/Pods-TVShows/Pods-TVShows-frameworks-${CONFIGURATION}-input-files.xcfilelist",
			);
			name = "[CP] Embed Pods Frameworks";
			outputFileListPaths = (
				"${PODS_ROOT}/Target Support Files/Pods-TVShows/Pods-TVShows-frameworks-${CONFIGURATION}-output-files.xcfilelist",
			);
			runOnlyForDeploymentPostprocessing = 0;
			shellPath = /bin/sh;
			shellScript = "\"${PODS_ROOT}/Target Support Files/Pods-TVShows/Pods-TVShows-frameworks.sh\"\n";
			showEnvVarsInLog = 0;
		};
/* End PBXShellScriptBuildPhase section */

/* Begin PBXSourcesBuildPhase section */
		429898FE22CE53DC004E48C4 /* Sources */ = {
			isa = PBXSourcesBuildPhase;
			buildActionMask = 2147483647;
			files = (
				42C4EC1422EA6F19003136A9 /* ShowDetailsViewController.swift in Sources */,
				4278E6FE22E9F60400EE0457 /* Show.swift in Sources */,
				42B9EBF922F0CD5900E282DB /* AddEpisodesViewController.swift in Sources */,
				421B7EDB22DFD9B500B63060 /* LoginViewController.swift in Sources */,
				42C4EC1822EA8F2A003136A9 /* ShowDetailTableViewCell.swift in Sources */,
				4278E70222EA5FF700EE0457 /* HomeTableViewCell.swift in Sources */,
				4298990822CE53DC004E48C4 /* ViewController.swift in Sources */,
				4298990622CE53DC004E48C4 /* AppDelegate.swift in Sources */,
				4278E6FA22E8B6C100EE0457 /* User.swift in Sources */,
				42CB9A5522E0F87F0067A593 /* HomeViewController.swift in Sources */,
			);
			runOnlyForDeploymentPostprocessing = 0;
		};
/* End PBXSourcesBuildPhase section */

/* Begin XCBuildConfiguration section */
		4298991222CE53DD004E48C4 /* Debug */ = {
			isa = XCBuildConfiguration;
			buildSettings = {
				ALWAYS_SEARCH_USER_PATHS = NO;
				CLANG_ANALYZER_NONNULL = YES;
				CLANG_ANALYZER_NUMBER_OBJECT_CONVERSION = YES_AGGRESSIVE;
				CLANG_CXX_LANGUAGE_STANDARD = "gnu++14";
				CLANG_CXX_LIBRARY = "libc++";
				CLANG_ENABLE_MODULES = YES;
				CLANG_ENABLE_OBJC_ARC = YES;
				CLANG_ENABLE_OBJC_WEAK = YES;
				CLANG_WARN_BLOCK_CAPTURE_AUTORELEASING = YES;
				CLANG_WARN_BOOL_CONVERSION = YES;
				CLANG_WARN_COMMA = YES;
				CLANG_WARN_CONSTANT_CONVERSION = YES;
				CLANG_WARN_DEPRECATED_OBJC_IMPLEMENTATIONS = YES;
				CLANG_WARN_DIRECT_OBJC_ISA_USAGE = YES_ERROR;
				CLANG_WARN_DOCUMENTATION_COMMENTS = YES;
				CLANG_WARN_EMPTY_BODY = YES;
				CLANG_WARN_ENUM_CONVERSION = YES;
				CLANG_WARN_INFINITE_RECURSION = YES;
				CLANG_WARN_INT_CONVERSION = YES;
				CLANG_WARN_NON_LITERAL_NULL_CONVERSION = YES;
				CLANG_WARN_OBJC_IMPLICIT_RETAIN_SELF = YES;
				CLANG_WARN_OBJC_LITERAL_CONVERSION = YES;
				CLANG_WARN_OBJC_ROOT_CLASS = YES_ERROR;
				CLANG_WARN_RANGE_LOOP_ANALYSIS = YES;
				CLANG_WARN_STRICT_PROTOTYPES = YES;
				CLANG_WARN_SUSPICIOUS_MOVE = YES;
				CLANG_WARN_UNGUARDED_AVAILABILITY = YES_AGGRESSIVE;
				CLANG_WARN_UNREACHABLE_CODE = YES;
				CLANG_WARN__DUPLICATE_METHOD_MATCH = YES;
				CODE_SIGN_IDENTITY = "iPhone Developer";
				COPY_PHASE_STRIP = NO;
				DEBUG_INFORMATION_FORMAT = dwarf;
				ENABLE_STRICT_OBJC_MSGSEND = YES;
				ENABLE_TESTABILITY = YES;
				GCC_C_LANGUAGE_STANDARD = gnu11;
				GCC_DYNAMIC_NO_PIC = NO;
				GCC_NO_COMMON_BLOCKS = YES;
				GCC_OPTIMIZATION_LEVEL = 0;
				GCC_PREPROCESSOR_DEFINITIONS = (
					"DEBUG=1",
					"$(inherited)",
				);
				GCC_WARN_64_TO_32_BIT_CONVERSION = YES;
				GCC_WARN_ABOUT_RETURN_TYPE = YES_ERROR;
				GCC_WARN_UNDECLARED_SELECTOR = YES;
				GCC_WARN_UNINITIALIZED_AUTOS = YES_AGGRESSIVE;
				GCC_WARN_UNUSED_FUNCTION = YES;
				GCC_WARN_UNUSED_VARIABLE = YES;
				IPHONEOS_DEPLOYMENT_TARGET = 12.2;
				MTL_ENABLE_DEBUG_INFO = INCLUDE_SOURCE;
				MTL_FAST_MATH = YES;
				ONLY_ACTIVE_ARCH = YES;
				SDKROOT = iphoneos;
				SWIFT_ACTIVE_COMPILATION_CONDITIONS = DEBUG;
				SWIFT_OPTIMIZATION_LEVEL = "-Onone";
			};
			name = Debug;
		};
		4298991322CE53DD004E48C4 /* Release */ = {
			isa = XCBuildConfiguration;
			buildSettings = {
				ALWAYS_SEARCH_USER_PATHS = NO;
				CLANG_ANALYZER_NONNULL = YES;
				CLANG_ANALYZER_NUMBER_OBJECT_CONVERSION = YES_AGGRESSIVE;
				CLANG_CXX_LANGUAGE_STANDARD = "gnu++14";
				CLANG_CXX_LIBRARY = "libc++";
				CLANG_ENABLE_MODULES = YES;
				CLANG_ENABLE_OBJC_ARC = YES;
				CLANG_ENABLE_OBJC_WEAK = YES;
				CLANG_WARN_BLOCK_CAPTURE_AUTORELEASING = YES;
				CLANG_WARN_BOOL_CONVERSION = YES;
				CLANG_WARN_COMMA = YES;
				CLANG_WARN_CONSTANT_CONVERSION = YES;
				CLANG_WARN_DEPRECATED_OBJC_IMPLEMENTATIONS = YES;
				CLANG_WARN_DIRECT_OBJC_ISA_USAGE = YES_ERROR;
				CLANG_WARN_DOCUMENTATION_COMMENTS = YES;
				CLANG_WARN_EMPTY_BODY = YES;
				CLANG_WARN_ENUM_CONVERSION = YES;
				CLANG_WARN_INFINITE_RECURSION = YES;
				CLANG_WARN_INT_CONVERSION = YES;
				CLANG_WARN_NON_LITERAL_NULL_CONVERSION = YES;
				CLANG_WARN_OBJC_IMPLICIT_RETAIN_SELF = YES;
				CLANG_WARN_OBJC_LITERAL_CONVERSION = YES;
				CLANG_WARN_OBJC_ROOT_CLASS = YES_ERROR;
				CLANG_WARN_RANGE_LOOP_ANALYSIS = YES;
				CLANG_WARN_STRICT_PROTOTYPES = YES;
				CLANG_WARN_SUSPICIOUS_MOVE = YES;
				CLANG_WARN_UNGUARDED_AVAILABILITY = YES_AGGRESSIVE;
				CLANG_WARN_UNREACHABLE_CODE = YES;
				CLANG_WARN__DUPLICATE_METHOD_MATCH = YES;
				CODE_SIGN_IDENTITY = "iPhone Developer";
				COPY_PHASE_STRIP = NO;
				DEBUG_INFORMATION_FORMAT = "dwarf-with-dsym";
				ENABLE_NS_ASSERTIONS = NO;
				ENABLE_STRICT_OBJC_MSGSEND = YES;
				GCC_C_LANGUAGE_STANDARD = gnu11;
				GCC_NO_COMMON_BLOCKS = YES;
				GCC_WARN_64_TO_32_BIT_CONVERSION = YES;
				GCC_WARN_ABOUT_RETURN_TYPE = YES_ERROR;
				GCC_WARN_UNDECLARED_SELECTOR = YES;
				GCC_WARN_UNINITIALIZED_AUTOS = YES_AGGRESSIVE;
				GCC_WARN_UNUSED_FUNCTION = YES;
				GCC_WARN_UNUSED_VARIABLE = YES;
				IPHONEOS_DEPLOYMENT_TARGET = 12.2;
				MTL_ENABLE_DEBUG_INFO = NO;
				MTL_FAST_MATH = YES;
				SDKROOT = iphoneos;
				SWIFT_COMPILATION_MODE = wholemodule;
				SWIFT_OPTIMIZATION_LEVEL = "-O";
				VALIDATE_PRODUCT = YES;
			};
			name = Release;
		};
		4298991522CE53DD004E48C4 /* Debug */ = {
			isa = XCBuildConfiguration;
			baseConfigurationReference = 1C263A1E0A6A3933823828C2 /* Pods-TVShows.debug.xcconfig */;
			buildSettings = {
				ASSETCATALOG_COMPILER_APPICON_NAME = AppIcon;
				CODE_SIGN_STYLE = Automatic;
				INFOPLIST_FILE = TVShows/Info.plist;
				LD_RUNPATH_SEARCH_PATHS = (
					"$(inherited)",
					"@executable_path/Frameworks",
				);
				PRODUCT_BUNDLE_IDENTIFIER = co.infinum.academy.hstefek.TVShows;
				PRODUCT_NAME = "$(TARGET_NAME)";
				SWIFT_VERSION = 5.0;
				TARGETED_DEVICE_FAMILY = "1,2";
			};
			name = Debug;
		};
		4298991622CE53DD004E48C4 /* Release */ = {
			isa = XCBuildConfiguration;
			baseConfigurationReference = 5320E90E93D18B5B7298DBB0 /* Pods-TVShows.release.xcconfig */;
			buildSettings = {
				ASSETCATALOG_COMPILER_APPICON_NAME = AppIcon;
				CODE_SIGN_STYLE = Automatic;
				INFOPLIST_FILE = TVShows/Info.plist;
				LD_RUNPATH_SEARCH_PATHS = (
					"$(inherited)",
					"@executable_path/Frameworks",
				);
				PRODUCT_BUNDLE_IDENTIFIER = co.infinum.academy.hstefek.TVShows;
				PRODUCT_NAME = "$(TARGET_NAME)";
				SWIFT_VERSION = 5.0;
				TARGETED_DEVICE_FAMILY = "1,2";
			};
			name = Release;
		};
/* End XCBuildConfiguration section */

/* Begin XCConfigurationList section */
		429898FD22CE53DC004E48C4 /* Build configuration list for PBXProject "TVShows" */ = {
			isa = XCConfigurationList;
			buildConfigurations = (
				4298991222CE53DD004E48C4 /* Debug */,
				4298991322CE53DD004E48C4 /* Release */,
			);
			defaultConfigurationIsVisible = 0;
			defaultConfigurationName = Release;
		};
		4298991422CE53DD004E48C4 /* Build configuration list for PBXNativeTarget "TVShows" */ = {
			isa = XCConfigurationList;
			buildConfigurations = (
				4298991522CE53DD004E48C4 /* Debug */,
				4298991622CE53DD004E48C4 /* Release */,
			);
			defaultConfigurationIsVisible = 0;
			defaultConfigurationName = Release;
		};
/* End XCConfigurationList section */
	};
	rootObject = 429898FA22CE53DC004E48C4 /* Project object */;
}
